
Microsoft Visual Studio Solution File, Format Version 12.00
# Visual Studio Version 17
VisualStudioVersion = 17.5.33516.290
MinimumVisualStudioVersion = 10.0.40219.1
Project("{FAE04EC0-301F-11D3-BF4B-00C04F79EFBC}") = "ProiectPAW", "ProiectPAW.csproj", "{262817F7-15C8-4FE0-A7BE-2A6ABDD1D753}"
EndProject
Global
	GlobalSection(SolutionConfigurationPlatforms) = preSolution
		Debug|Any CPU = Debug|Any CPU
		Release|Any CPU = Release|Any CPU
	EndGlobalSection
	GlobalSection(ProjectConfigurationPlatforms) = postSolution
		{262817F7-15C8-4FE0-A7BE-2A6ABDD1D753}.Debug|Any CPU.ActiveCfg = Debug|Any CPU
		{262817F7-15C8-4FE0-A7BE-2A6ABDD1D753}.Debug|Any CPU.Build.0 = Debug|Any CPU
		{262817F7-15C8-4FE0-A7BE-2A6ABDD1D753}.Release|Any CPU.ActiveCfg = Release|Any CPU
		{262817F7-15C8-4FE0-A7BE-2A6ABDD1D753}.Release|Any CPU.Build.0 = Release|Any CPU
	EndGlobalSection
	GlobalSection(SolutionProperties) = preSolution
		HideSolutionNode = FALSE
	EndGlobalSection
	GlobalSection(ExtensibilityGlobals) = postSolution
		SolutionGuid = {D2C4EB3D-917E-454A-AE50-5CFCCA67B43C}
	EndGlobalSection
EndGlobal
